// !$*UTF8*$!
{
	archiveVersion = 1;
	classes = {
	};
	objectVersion = 48;
	objects = {

/* Begin PBXBuildFile section */
		28A729F320EBBE290098651A /* MicInput.swift in Sources */ = {isa = PBXBuildFile; fileRef = 28A729F220EBBE290098651A /* MicInput.swift */; };
		28D8FF7020F1EBD600BCE4B0 /* AudioToolbox.framework in Frameworks */ = {isa = PBXBuildFile; fileRef = 28A729F720EBBE4D0098651A /* AudioToolbox.framework */; };
		71E8CF8B206630B300A451AD /* AppDelegate.swift in Sources */ = {isa = PBXBuildFile; fileRef = 71E8CF8A206630B300A451AD /* AppDelegate.swift */; };
		71E8CF8D206630B300A451AD /* art.scnassets in Resources */ = {isa = PBXBuildFile; fileRef = 71E8CF8C206630B300A451AD /* art.scnassets */; };
		71E8CF8F206630B300A451AD /* ViewController.swift in Sources */ = {isa = PBXBuildFile; fileRef = 71E8CF8E206630B300A451AD /* ViewController.swift */; };
		71E8CF92206630B300A451AD /* Main.storyboard in Resources */ = {isa = PBXBuildFile; fileRef = 71E8CF90206630B300A451AD /* Main.storyboard */; };
		71E8CF94206630B300A451AD /* Assets.xcassets in Resources */ = {isa = PBXBuildFile; fileRef = 71E8CF93206630B300A451AD /* Assets.xcassets */; };
		71E8CF97206630B300A451AD /* LaunchScreen.storyboard in Resources */ = {isa = PBXBuildFile; fileRef = 71E8CF95206630B300A451AD /* LaunchScreen.storyboard */; };
		71E8CFA2206630B300A451AD /* ARTestTests.swift in Sources */ = {isa = PBXBuildFile; fileRef = 71E8CFA1206630B300A451AD /* ARTestTests.swift */; };
		71E8CFAD2067E27200A451AD /* PlaneNode.swift in Sources */ = {isa = PBXBuildFile; fileRef = 71E8CFAC2067E27200A451AD /* PlaneNode.swift */; };
		71E8CFAF2067E44000A451AD /* CharcterNode.swift in Sources */ = {isa = PBXBuildFile; fileRef = 71E8CFAE2067E44000A451AD /* CharcterNode.swift */; };
/* End PBXBuildFile section */

/* Begin PBXContainerItemProxy section */
		71E8CF9E206630B300A451AD /* PBXContainerItemProxy */ = {
			isa = PBXContainerItemProxy;
			containerPortal = 71E8CF7F206630B300A451AD /* Project object */;
			proxyType = 1;
			remoteGlobalIDString = 71E8CF86206630B300A451AD;
			remoteInfo = ARTest;
		};
/* End PBXContainerItemProxy section */

/* Begin PBXFileReference section */
		28A729F220EBBE290098651A /* MicInput.swift */ = {isa = PBXFileReference; lastKnownFileType = sourcecode.swift; path = MicInput.swift; sourceTree = "<group>"; };
		28A729F520EBBE460098651A /* AudioUnit.framework */ = {isa = PBXFileReference; lastKnownFileType = wrapper.framework; name = AudioUnit.framework; path = System/Library/Frameworks/AudioUnit.framework; sourceTree = SDKROOT; };
		28A729F720EBBE4D0098651A /* AudioToolbox.framework */ = {isa = PBXFileReference; lastKnownFileType = wrapper.framework; name = AudioToolbox.framework; path = System/Library/Frameworks/AudioToolbox.framework; sourceTree = SDKROOT; };
		28D8FF7220F1EBDF00BCE4B0 /* CoreAudio.framework */ = {isa = PBXFileReference; lastKnownFileType = wrapper.framework; name = CoreAudio.framework; path = System/Library/Frameworks/CoreAudio.framework; sourceTree = SDKROOT; };
		71E8CF87206630B300A451AD /* ARTest.app */ = {isa = PBXFileReference; explicitFileType = wrapper.application; includeInIndex = 0; path = ARTest.app; sourceTree = BUILT_PRODUCTS_DIR; };
		71E8CF8A206630B300A451AD /* AppDelegate.swift */ = {isa = PBXFileReference; lastKnownFileType = sourcecode.swift; path = AppDelegate.swift; sourceTree = "<group>"; };
		71E8CF8C206630B300A451AD /* art.scnassets */ = {isa = PBXFileReference; lastKnownFileType = wrapper.scnassets; path = art.scnassets; sourceTree = "<group>"; };
		71E8CF8E206630B300A451AD /* ViewController.swift */ = {isa = PBXFileReference; lastKnownFileType = sourcecode.swift; path = ViewController.swift; sourceTree = "<group>"; };
		71E8CF91206630B300A451AD /* Base */ = {isa = PBXFileReference; lastKnownFileType = file.storyboard; name = Base; path = Base.lproj/Main.storyboard; sourceTree = "<group>"; };
		71E8CF93206630B300A451AD /* Assets.xcassets */ = {isa = PBXFileReference; lastKnownFileType = folder.assetcatalog; path = Assets.xcassets; sourceTree = "<group>"; };
		71E8CF96206630B300A451AD /* Base */ = {isa = PBXFileReference; lastKnownFileType = file.storyboard; name = Base; path = Base.lproj/LaunchScreen.storyboard; sourceTree = "<group>"; };
		71E8CF98206630B300A451AD /* Info.plist */ = {isa = PBXFileReference; lastKnownFileType = text.plist.xml; path = Info.plist; sourceTree = "<group>"; };
		71E8CF9D206630B300A451AD /* ARTestTests.xctest */ = {isa = PBXFileReference; explicitFileType = wrapper.cfbundle; includeInIndex = 0; path = ARTestTests.xctest; sourceTree = BUILT_PRODUCTS_DIR; };
		71E8CFA1206630B300A451AD /* ARTestTests.swift */ = {isa = PBXFileReference; lastKnownFileType = sourcecode.swift; path = ARTestTests.swift; sourceTree = "<group>"; };
		71E8CFA3206630B300A451AD /* Info.plist */ = {isa = PBXFileReference; lastKnownFileType = text.plist.xml; path = Info.plist; sourceTree = "<group>"; };
		71E8CFAC2067E27200A451AD /* PlaneNode.swift */ = {isa = PBXFileReference; lastKnownFileType = sourcecode.swift; path = PlaneNode.swift; sourceTree = "<group>"; };
		71E8CFAE2067E44000A451AD /* CharcterNode.swift */ = {isa = PBXFileReference; lastKnownFileType = sourcecode.swift; path = CharcterNode.swift; sourceTree = "<group>"; };
/* End PBXFileReference section */

/* Begin PBXFrameworksBuildPhase section */
		71E8CF84206630B300A451AD /* Frameworks */ = {
			isa = PBXFrameworksBuildPhase;
			buildActionMask = 2147483647;
			files = (
				28D8FF7020F1EBD600BCE4B0 /* AudioToolbox.framework in Frameworks */,
			);
			runOnlyForDeploymentPostprocessing = 0;
		};
		71E8CF9A206630B300A451AD /* Frameworks */ = {
			isa = PBXFrameworksBuildPhase;
			buildActionMask = 2147483647;
			files = (
			);
			runOnlyForDeploymentPostprocessing = 0;
		};
/* End PBXFrameworksBuildPhase section */

/* Begin PBXGroup section */
		28A729F420EBBE460098651A /* Frameworks */ = {
			isa = PBXGroup;
			children = (
				28D8FF7220F1EBDF00BCE4B0 /* CoreAudio.framework */,
				28A729F720EBBE4D0098651A /* AudioToolbox.framework */,
				28A729F520EBBE460098651A /* AudioUnit.framework */,
			);
			name = Frameworks;
			sourceTree = "<group>";
		};
		71E8CF7E206630B300A451AD = {
			isa = PBXGroup;
			children = (
				71E8CF89206630B300A451AD /* ARTest */,
				71E8CFA0206630B300A451AD /* ARTestTests */,
				71E8CF88206630B300A451AD /* Products */,
				28A729F420EBBE460098651A /* Frameworks */,
			);
			sourceTree = "<group>";
		};
		71E8CF88206630B300A451AD /* Products */ = {
			isa = PBXGroup;
			children = (
				71E8CF87206630B300A451AD /* ARTest.app */,
				71E8CF9D206630B300A451AD /* ARTestTests.xctest */,
			);
			name = Products;
			sourceTree = "<group>";
		};
		71E8CF89206630B300A451AD /* ARTest */ = {
			isa = PBXGroup;
			children = (
				71E8CF8A206630B300A451AD /* AppDelegate.swift */,
				71E8CFAC2067E27200A451AD /* PlaneNode.swift */,
				71E8CFAE2067E44000A451AD /* CharcterNode.swift */,
				28A729F220EBBE290098651A /* MicInput.swift */,
				71E8CF8C206630B300A451AD /* art.scnassets */,
				71E8CF8E206630B300A451AD /* ViewController.swift */,
				71E8CF90206630B300A451AD /* Main.storyboard */,
				71E8CF93206630B300A451AD /* Assets.xcassets */,
				71E8CF95206630B300A451AD /* LaunchScreen.storyboard */,
				71E8CF98206630B300A451AD /* Info.plist */,
			);
			path = ARTest;
			sourceTree = "<group>";
		};
		71E8CFA0206630B300A451AD /* ARTestTests */ = {
			isa = PBXGroup;
			children = (
				71E8CFA1206630B300A451AD /* ARTestTests.swift */,
				71E8CFA3206630B300A451AD /* Info.plist */,
			);
			path = ARTestTests;
			sourceTree = "<group>";
		};
/* End PBXGroup section */

/* Begin PBXNativeTarget section */
		71E8CF86206630B300A451AD /* ARTest */ = {
			isa = PBXNativeTarget;
			buildConfigurationList = 71E8CFA6206630B300A451AD /* Build configuration list for PBXNativeTarget "ARTest" */;
			buildPhases = (
				71E8CF83206630B300A451AD /* Sources */,
				71E8CF84206630B300A451AD /* Frameworks */,
				71E8CF85206630B300A451AD /* Resources */,
			);
			buildRules = (
			);
			dependencies = (
			);
			name = ARTest;
			productName = ARTest;
			productReference = 71E8CF87206630B300A451AD /* ARTest.app */;
			productType = "com.apple.product-type.application";
		};
		71E8CF9C206630B300A451AD /* ARTestTests */ = {
			isa = PBXNativeTarget;
			buildConfigurationList = 71E8CFA9206630B300A451AD /* Build configuration list for PBXNativeTarget "ARTestTests" */;
			buildPhases = (
				71E8CF99206630B300A451AD /* Sources */,
				71E8CF9A206630B300A451AD /* Frameworks */,
				71E8CF9B206630B300A451AD /* Resources */,
			);
			buildRules = (
			);
			dependencies = (
				71E8CF9F206630B300A451AD /* PBXTargetDependency */,
			);
			name = ARTestTests;
			productName = ARTestTests;
			productReference = 71E8CF9D206630B300A451AD /* ARTestTests.xctest */;
			productType = "com.apple.product-type.bundle.unit-test";
		};
/* End PBXNativeTarget section */

/* Begin PBXProject section */
		71E8CF7F206630B300A451AD /* Project object */ = {
			isa = PBXProject;
			attributes = {
				LastSwiftUpdateCheck = 0920;
				LastUpgradeCheck = 0920;
				ORGANIZATIONNAME = "Shuhei Yukawa";
				TargetAttributes = {
					71E8CF86206630B300A451AD = {
						CreatedOnToolsVersion = 9.2;
						ProvisioningStyle = Automatic;
					};
					71E8CF9C206630B300A451AD = {
						CreatedOnToolsVersion = 9.2;
						ProvisioningStyle = Automatic;
						TestTargetID = 71E8CF86206630B300A451AD;
					};
				};
			};
			buildConfigurationList = 71E8CF82206630B300A451AD /* Build configuration list for PBXProject "ARTest" */;
			compatibilityVersion = "Xcode 8.0";
			developmentRegion = en;
			hasScannedForEncodings = 0;
			knownRegions = (
				en,
				Base,
			);
			mainGroup = 71E8CF7E206630B300A451AD;
			productRefGroup = 71E8CF88206630B300A451AD /* Products */;
			projectDirPath = "";
			projectRoot = "";
			targets = (
				71E8CF86206630B300A451AD /* ARTest */,
				71E8CF9C206630B300A451AD /* ARTestTests */,
			);
		};
/* End PBXProject section */

/* Begin PBXResourcesBuildPhase section */
		71E8CF85206630B300A451AD /* Resources */ = {
			isa = PBXResourcesBuildPhase;
			buildActionMask = 2147483647;
			files = (
				71E8CF8D206630B300A451AD /* art.scnassets in Resources */,
				71E8CF97206630B300A451AD /* LaunchScreen.storyboard in Resources */,
				71E8CF94206630B300A451AD /* Assets.xcassets in Resources */,
				71E8CF92206630B300A451AD /* Main.storyboard in Resources */,
			);
			runOnlyForDeploymentPostprocessing = 0;
		};
		71E8CF9B206630B300A451AD /* Resources */ = {
			isa = PBXResourcesBuildPhase;
			buildActionMask = 2147483647;
			files = (
			);
			runOnlyForDeploymentPostprocessing = 0;
		};
/* End PBXResourcesBuildPhase section */

/* Begin PBXSourcesBuildPhase section */
		71E8CF83206630B300A451AD /* Sources */ = {
			isa = PBXSourcesBuildPhase;
			buildActionMask = 2147483647;
			files = (
				71E8CF8F206630B300A451AD /* ViewController.swift in Sources */,
				28A729F320EBBE290098651A /* MicInput.swift in Sources */,
				71E8CFAD2067E27200A451AD /* PlaneNode.swift in Sources */,
				71E8CF8B206630B300A451AD /* AppDelegate.swift in Sources */,
				71E8CFAF2067E44000A451AD /* CharcterNode.swift in Sources */,
			);
			runOnlyForDeploymentPostprocessing = 0;
		};
		71E8CF99206630B300A451AD /* Sources */ = {
			isa = PBXSourcesBuildPhase;
			buildActionMask = 2147483647;
			files = (
				71E8CFA2206630B300A451AD /* ARTestTests.swift in Sources */,
			);
			runOnlyForDeploymentPostprocessing = 0;
		};
/* End PBXSourcesBuildPhase section */

/* Begin PBXTargetDependency section */
		71E8CF9F206630B300A451AD /* PBXTargetDependency */ = {
			isa = PBXTargetDependency;
			target = 71E8CF86206630B300A451AD /* ARTest */;
			targetProxy = 71E8CF9E206630B300A451AD /* PBXContainerItemProxy */;
		};
/* End PBXTargetDependency section */

/* Begin PBXVariantGroup section */
		71E8CF90206630B300A451AD /* Main.storyboard */ = {
			isa = PBXVariantGroup;
			children = (
				71E8CF91206630B300A451AD /* Base */,
			);
			name = Main.storyboard;
			sourceTree = "<group>";
		};
		71E8CF95206630B300A451AD /* LaunchScreen.storyboard */ = {
			isa = PBXVariantGroup;
			children = (
				71E8CF96206630B300A451AD /* Base */,
			);
			name = LaunchScreen.storyboard;
			sourceTree = "<group>";
		};
/* End PBXVariantGroup section */

/* Begin XCBuildConfiguration section */
		71E8CFA4206630B300A451AD /* Debug */ = {
			isa = XCBuildConfiguration;
			buildSettings = {
				ALWAYS_SEARCH_USER_PATHS = NO;
				CLANG_ANALYZER_NONNULL = YES;
				CLANG_ANALYZER_NUMBER_OBJECT_CONVERSION = YES_AGGRESSIVE;
				CLANG_CXX_LANGUAGE_STANDARD = "gnu++14";
				CLANG_CXX_LIBRARY = "libc++";
				CLANG_ENABLE_MODULES = YES;
				CLANG_ENABLE_OBJC_ARC = YES;
				CLANG_WARN_BLOCK_CAPTURE_AUTORELEASING = YES;
				CLANG_WARN_BOOL_CONVERSION = YES;
				CLANG_WARN_COMMA = YES;
				CLANG_WARN_CONSTANT_CONVERSION = YES;
				CLANG_WARN_DIRECT_OBJC_ISA_USAGE = YES_ERROR;
				CLANG_WARN_DOCUMENTATION_COMMENTS = YES;
				CLANG_WARN_EMPTY_BODY = YES;
				CLANG_WARN_ENUM_CONVERSION = YES;
				CLANG_WARN_INFINITE_RECURSION = YES;
				CLANG_WARN_INT_CONVERSION = YES;
				CLANG_WARN_NON_LITERAL_NULL_CONVERSION = YES;
				CLANG_WARN_OBJC_LITERAL_CONVERSION = YES;
				CLANG_WARN_OBJC_ROOT_CLASS = YES_ERROR;
				CLANG_WARN_RANGE_LOOP_ANALYSIS = YES;
				CLANG_WARN_STRICT_PROTOTYPES = YES;
				CLANG_WARN_SUSPICIOUS_MOVE = YES;
				CLANG_WARN_UNGUARDED_AVAILABILITY = YES_AGGRESSIVE;
				CLANG_WARN_UNREACHABLE_CODE = YES;
				CLANG_WARN__DUPLICATE_METHOD_MATCH = YES;
				CODE_SIGN_IDENTITY = "iPhone Developer";
				COPY_PHASE_STRIP = NO;
				DEBUG_INFORMATION_FORMAT = dwarf;
				ENABLE_STRICT_OBJC_MSGSEND = YES;
				ENABLE_TESTABILITY = YES;
				GCC_C_LANGUAGE_STANDARD = gnu11;
				GCC_DYNAMIC_NO_PIC = NO;
				GCC_NO_COMMON_BLOCKS = YES;
				GCC_OPTIMIZATION_LEVEL = 0;
				GCC_PREPROCESSOR_DEFINITIONS = (
					"DEBUG=1",
					"$(inherited)",
				);
				GCC_WARN_64_TO_32_BIT_CONVERSION = YES;
				GCC_WARN_ABOUT_RETURN_TYPE = YES_ERROR;
				GCC_WARN_UNDECLARED_SELECTOR = YES;
				GCC_WARN_UNINITIALIZED_AUTOS = YES_AGGRESSIVE;
				GCC_WARN_UNUSED_FUNCTION = YES;
				GCC_WARN_UNUSED_VARIABLE = YES;
				IPHONEOS_DEPLOYMENT_TARGET = 11.2;
				MTL_ENABLE_DEBUG_INFO = YES;
				ONLY_ACTIVE_ARCH = YES;
				SDKROOT = iphoneos;
				SWIFT_ACTIVE_COMPILATION_CONDITIONS = DEBUG;
				SWIFT_OPTIMIZATION_LEVEL = "-Onone";
			};
			name = Debug;
		};
		71E8CFA5206630B300A451AD /* Release */ = {
			isa = XCBuildConfiguration;
			buildSettings = {
				ALWAYS_SEARCH_USER_PATHS = NO;
				CLANG_ANALYZER_NONNULL = YES;
				CLANG_ANALYZER_NUMBER_OBJECT_CONVERSION = YES_AGGRESSIVE;
				CLANG_CXX_LANGUAGE_STANDARD = "gnu++14";
				CLANG_CXX_LIBRARY = "libc++";
				CLANG_ENABLE_MODULES = YES;
				CLANG_ENABLE_OBJC_ARC = YES;
				CLANG_WARN_BLOCK_CAPTURE_AUTORELEASING = YES;
				CLANG_WARN_BOOL_CONVERSION = YES;
				CLANG_WARN_COMMA = YES;
				CLANG_WARN_CONSTANT_CONVERSION = YES;
				CLANG_WARN_DIRECT_OBJC_ISA_USAGE = YES_ERROR;
				CLANG_WARN_DOCUMENTATION_COMMENTS = YES;
				CLANG_WARN_EMPTY_BODY = YES;
				CLANG_WARN_ENUM_CONVERSION = YES;
				CLANG_WARN_INFINITE_RECURSION = YES;
				CLANG_WARN_INT_CONVERSION = YES;
				CLANG_WARN_NON_LITERAL_NULL_CONVERSION = YES;
				CLANG_WARN_OBJC_LITERAL_CONVERSION = YES;
				CLANG_WARN_OBJC_ROOT_CLASS = YES_ERROR;
				CLANG_WARN_RANGE_LOOP_ANALYSIS = YES;
				CLANG_WARN_STRICT_PROTOTYPES = YES;
				CLANG_WARN_SUSPICIOUS_MOVE = YES;
				CLANG_WARN_UNGUARDED_AVAILABILITY = YES_AGGRESSIVE;
				CLANG_WARN_UNREACHABLE_CODE = YES;
				CLANG_WARN__DUPLICATE_METHOD_MATCH = YES;
				CODE_SIGN_IDENTITY = "iPhone Developer";
				COPY_PHASE_STRIP = NO;
				DEBUG_INFORMATION_FORMAT = "dwarf-with-dsym";
				ENABLE_NS_ASSERTIONS = NO;
				ENABLE_STRICT_OBJC_MSGSEND = YES;
				GCC_C_LANGUAGE_STANDARD = gnu11;
				GCC_NO_COMMON_BLOCKS = YES;
				GCC_WARN_64_TO_32_BIT_CONVERSION = YES;
				GCC_WARN_ABOUT_RETURN_TYPE = YES_ERROR;
				GCC_WARN_UNDECLARED_SELECTOR = YES;
				GCC_WARN_UNINITIALIZED_AUTOS = YES_AGGRESSIVE;
				GCC_WARN_UNUSED_FUNCTION = YES;
				GCC_WARN_UNUSED_VARIABLE = YES;
				IPHONEOS_DEPLOYMENT_TARGET = 11.2;
				MTL_ENABLE_DEBUG_INFO = NO;
				SDKROOT = iphoneos;
				SWIFT_OPTIMIZATION_LEVEL = "-Owholemodule";
				VALIDATE_PRODUCT = YES;
			};
			name = Release;
		};
		71E8CFA7206630B300A451AD /* Debug */ = {
			isa = XCBuildConfiguration;
			buildSettings = {
				ASSETCATALOG_COMPILER_APPICON_NAME = AppIcon;
				CODE_SIGN_STYLE = Automatic;
				DEVELOPMENT_TEAM = NBLDA4FP49;
				INFOPLIST_FILE = ARTest/Info.plist;
				LD_RUNPATH_SEARCH_PATHS = "$(inherited) @executable_path/Frameworks";
				PRODUCT_BUNDLE_IDENTIFIER = "com.l-is-b.ARTest";
				PRODUCT_NAME = "$(TARGET_NAME)";
				SWIFT_VERSION = 4.0;
				TARGETED_DEVICE_FAMILY = "1,2";
			};
			name = Debug;
		};
		71E8CFA8206630B300A451AD /* Release */ = {
			isa = XCBuildConfiguration;
			buildSettings = {
				ASSETCATALOG_COMPILER_APPICON_NAME = AppIcon;
				CODE_SIGN_STYLE = Automatic;
				DEVELOPMENT_TEAM = NBLDA4FP49;
				INFOPLIST_FILE = ARTest/Info.plist;
				LD_RUNPATH_SEARCH_PATHS = "$(inherited) @executable_path/Frameworks";
				PRODUCT_BUNDLE_IDENTIFIER = "com.l-is-b.ARTest";
				PRODUCT_NAME = "$(TARGET_NAME)";
				SWIFT_VERSION = 4.0;
				TARGETED_DEVICE_FAMILY = "1,2";
			};
			name = Release;
		};
		71E8CFAA206630B300A451AD /* Debug */ = {
			isa = XCBuildConfiguration;
			buildSettings = {
				ALWAYS_EMBED_SWIFT_STANDARD_LIBRARIES = YES;
				BUNDLE_LOADER = "$(TEST_HOST)";
				CODE_SIGN_STYLE = Automatic;
				INFOPLIST_FILE = ARTestTests/Info.plist;
				LD_RUNPATH_SEARCH_PATHS = "$(inherited) @executable_path/Frameworks @loader_path/Frameworks";
				PRODUCT_BUNDLE_IDENTIFIER = "com.l-is-b.ARTestTests";
				PRODUCT_NAME = "$(TARGET_NAME)";
				SWIFT_VERSION = 4.0;
				TARGETED_DEVICE_FAMILY = "1,2";
				TEST_HOST = "$(BUILT_PRODUCTS_DIR)/ARTest.app/ARTest";
			};
			name = Debug;
		};
		71E8CFAB206630B300A451AD /* Release */ = {
			isa = XCBuildConfiguration;
			buildSettings = {
				ALWAYS_EMBED_SWIFT_STANDARD_LIBRARIES = YES;
				BUNDLE_LOADER = "$(TEST_HOST)";
				CODE_SIGN_STYLE = Automatic;
				INFOPLIST_FILE = ARTestTests/Info.plist;
				LD_RUNPATH_SEARCH_PATHS = "$(inherited) @executable_path/Frameworks @loader_path/Frameworks";
				PRODUCT_BUNDLE_IDENTIFIER = "com.l-is-b.ARTestTests";
				PRODUCT_NAME = "$(TARGET_NAME)";
				SWIFT_VERSION = 4.0;
				TARGETED_DEVICE_FAMILY = "1,2";
				TEST_HOST = "$(BUILT_PRODUCTS_DIR)/ARTest.app/ARTest";
			};
			name = Release;
		};
/* End XCBuildConfiguration section */

/* Begin XCConfigurationList section */
		71E8CF82206630B300A451AD /* Build configuration list for PBXProject "ARTest" */ = {
			isa = XCConfigurationList;
			buildConfigurations = (
				71E8CFA4206630B300A451AD /* Debug */,
				71E8CFA5206630B300A451AD /* Release */,
			);
			defaultConfigurationIsVisible = 0;
			defaultConfigurationName = Release;
		};
		71E8CFA6206630B300A451AD /* Build configuration list for PBXNativeTarget "ARTest" */ = {
			isa = XCConfigurationList;
			buildConfigurations = (
				71E8CFA7206630B300A451AD /* Debug */,
				71E8CFA8206630B300A451AD /* Release */,
			);
			defaultConfigurationIsVisible = 0;
			defaultConfigurationName = Release;
		};
		71E8CFA9206630B300A451AD /* Build configuration list for PBXNativeTarget "ARTestTests" */ = {
			isa = XCConfigurationList;
			buildConfigurations = (
				71E8CFAA206630B300A451AD /* Debug */,
				71E8CFAB206630B300A451AD /* Release */,
			);
			defaultConfigurationIsVisible = 0;
			defaultConfigurationName = Release;
		};
/* End XCConfigurationList section */
	};
	rootObject = 71E8CF7F206630B300A451AD /* Project object */;
}
